
Microsoft Visual Studio Solution File, Format Version 9.00
# Visual Studio 2005
Project("{FAE04EC0-301F-11D3-BF4B-00C04F79EFBC}") = "IronPythonCS", "IronPythonCS\IronPythonCS.csproj", "{22C3C245-3597-42AA-B1EA-FB87A5826BBB}"
EndProject
Global
	GlobalSection(SolutionConfigurationPlatforms) = preSolution
		Debug|Any CPU = Debug|Any CPU
		Release|Any CPU = Release|Any CPU
	EndGlobalSection
	GlobalSection(ProjectConfigurationPlatforms) = postSolution
		{22C3C245-3597-42AA-B1EA-FB87A5826BBB}.Debug|Any CPU.ActiveCfg = Debug|Any CPU
		{22C3C245-3597-42AA-B1EA-FB87A5826BBB}.Debug|Any CPU.Build.0 = Debug|Any CPU
		{22C3C245-3597-42AA-B1EA-FB87A5826BBB}.Release|Any CPU.ActiveCfg = Release|Any CPU
		{22C3C245-3597-42AA-B1EA-FB87A5826BBB}.Release|Any CPU.Build.0 = Release|Any CPU
	EndGlobalSection
	GlobalSection(SolutionProperties) = preSolution
		HideSolutionNode = FALSE
	EndGlobalSection
EndGlobal
